
Microsoft Visual Studio Solution File, Format Version 12.00
# Visual Studio Version 17
VisualStudioVersion = 17.9.34616.47
MinimumVisualStudioVersion = 10.0.40219.1
Project("{9A19103F-16F7-4668-BE54-9A1E7A4F7556}") = "N105 Brug af simple tal", "N105 Brug af simple tal\N105 Brug af simple tal.csproj", "{229493F4-B3B5-449D-8DFB-417CE660C73E}"
EndProject
Project("{9A19103F-16F7-4668-BE54-9A1E7A4F7556}") = "N110 Brug af DateTime", "N110 Brug af DateTime\N110 Brug af DateTime.csproj", "{4156FB44-A9DE-44B5-8B1F-E0CD04CC02DF}"
EndProject
Project("{9A19103F-16F7-4668-BE54-9A1E7A4F7556}") = "N115 Typekonvertering", "N115 Typekonvertering\N115 Typekonvertering.csproj", "{C156F521-7BF3-4B01-809F-18073F4D5298}"
EndProject
Project("{9A19103F-16F7-4668-BE54-9A1E7A4F7556}") = "N120 Brug af strenge", "N120 Brug af strenge\N120 Brug af strenge.csproj", "{1C80BE00-2F65-439E-8C61-02AC689C399B}"
EndProject
Project("{9A19103F-16F7-4668-BE54-9A1E7A4F7556}") = "N122 Enum(s) til kortspil", "N122 Enum(s) til kortspil\N122 Enum(s) til kortspil.csproj", "{A43A0B9F-8EDB-45DB-A27C-E2B7390E9F18}"
EndProject
Project("{FAE04EC0-301F-11D3-BF4B-00C04F79EFBC}") = "N125 Flow (for and if)", "N125 Flow (for and if)\N125 Flow (for and if).csproj", "{1D0672CC-A544-4EF3-AC69-A93CEEF1FFB4}"
EndProject
Global
	GlobalSection(SolutionConfigurationPlatforms) = preSolution
		Debug|Any CPU = Debug|Any CPU
		Release|Any CPU = Release|Any CPU
	EndGlobalSection
	GlobalSection(ProjectConfigurationPlatforms) = postSolution
		{229493F4-B3B5-449D-8DFB-417CE660C73E}.Debug|Any CPU.ActiveCfg = Debug|Any CPU
		{229493F4-B3B5-449D-8DFB-417CE660C73E}.Debug|Any CPU.Build.0 = Debug|Any CPU
		{229493F4-B3B5-449D-8DFB-417CE660C73E}.Release|Any CPU.ActiveCfg = Release|Any CPU
		{229493F4-B3B5-449D-8DFB-417CE660C73E}.Release|Any CPU.Build.0 = Release|Any CPU
		{4156FB44-A9DE-44B5-8B1F-E0CD04CC02DF}.Debug|Any CPU.ActiveCfg = Debug|Any CPU
		{4156FB44-A9DE-44B5-8B1F-E0CD04CC02DF}.Debug|Any CPU.Build.0 = Debug|Any CPU
		{4156FB44-A9DE-44B5-8B1F-E0CD04CC02DF}.Release|Any CPU.ActiveCfg = Release|Any CPU
		{4156FB44-A9DE-44B5-8B1F-E0CD04CC02DF}.Release|Any CPU.Build.0 = Release|Any CPU
		{C156F521-7BF3-4B01-809F-18073F4D5298}.Debug|Any CPU.ActiveCfg = Debug|Any CPU
		{C156F521-7BF3-4B01-809F-18073F4D5298}.Debug|Any CPU.Build.0 = Debug|Any CPU
		{C156F521-7BF3-4B01-809F-18073F4D5298}.Release|Any CPU.ActiveCfg = Release|Any CPU
		{C156F521-7BF3-4B01-809F-18073F4D5298}.Release|Any CPU.Build.0 = Release|Any CPU
		{1C80BE00-2F65-439E-8C61-02AC689C399B}.Debug|Any CPU.ActiveCfg = Debug|Any CPU
		{1C80BE00-2F65-439E-8C61-02AC689C399B}.Debug|Any CPU.Build.0 = Debug|Any CPU
		{1C80BE00-2F65-439E-8C61-02AC689C399B}.Release|Any CPU.ActiveCfg = Release|Any CPU
		{1C80BE00-2F65-439E-8C61-02AC689C399B}.Release|Any CPU.Build.0 = Release|Any CPU
		{A43A0B9F-8EDB-45DB-A27C-E2B7390E9F18}.Debug|Any CPU.ActiveCfg = Debug|Any CPU
		{A43A0B9F-8EDB-45DB-A27C-E2B7390E9F18}.Debug|Any CPU.Build.0 = Debug|Any CPU
		{A43A0B9F-8EDB-45DB-A27C-E2B7390E9F18}.Release|Any CPU.ActiveCfg = Release|Any CPU
		{A43A0B9F-8EDB-45DB-A27C-E2B7390E9F18}.Release|Any CPU.Build.0 = Release|Any CPU
		{1D0672CC-A544-4EF3-AC69-A93CEEF1FFB4}.Debug|Any CPU.ActiveCfg = Debug|Any CPU
		{1D0672CC-A544-4EF3-AC69-A93CEEF1FFB4}.Debug|Any CPU.Build.0 = Debug|Any CPU
		{1D0672CC-A544-4EF3-AC69-A93CEEF1FFB4}.Release|Any CPU.ActiveCfg = Release|Any CPU
		{1D0672CC-A544-4EF3-AC69-A93CEEF1FFB4}.Release|Any CPU.Build.0 = Release|Any CPU
	EndGlobalSection
	GlobalSection(SolutionProperties) = preSolution
		HideSolutionNode = FALSE
	EndGlobalSection
	GlobalSection(ExtensibilityGlobals) = postSolution
		SolutionGuid = {FCB02EAE-2660-4ED5-AA26-684E663E5F88}
	EndGlobalSection
EndGlobal
