
Microsoft Visual Studio Solution File, Format Version 12.00
# Visual Studio Version 17
VisualStudioVersion = 17.9.34616.47
MinimumVisualStudioVersion = 10.0.40219.1
Project("{FAE04EC0-301F-11D3-BF4B-00C04F79EFBC}") = "N105 Brug af simple tal", "N105 Brug af simple tal\N105 Brug af simple tal.csproj", "{229493F4-B3B5-449D-8DFB-417CE660C73E}"
EndProject
Project("{FAE04EC0-301F-11D3-BF4B-00C04F79EFBC}") = "N110 Brug af DateTime", "N110 Brug af DateTime\N110 Brug af DateTime.csproj", "{4156FB44-A9DE-44B5-8B1F-E0CD04CC02DF}"
EndProject
Project("{FAE04EC0-301F-11D3-BF4B-00C04F79EFBC}") = "N115 Typekonvertering", "N115 Typekonvertering\N115 Typekonvertering.csproj", "{C156F521-7BF3-4B01-809F-18073F4D5298}"
EndProject
Global
	GlobalSection(SolutionConfigurationPlatforms) = preSolution
		Debug|Any CPU = Debug|Any CPU
		Release|Any CPU = Release|Any CPU
	EndGlobalSection
	GlobalSection(ProjectConfigurationPlatforms) = postSolution
		{229493F4-B3B5-449D-8DFB-417CE660C73E}.Debug|Any CPU.ActiveCfg = Debug|Any CPU
		{229493F4-B3B5-449D-8DFB-417CE660C73E}.Debug|Any CPU.Build.0 = Debug|Any CPU
		{229493F4-B3B5-449D-8DFB-417CE660C73E}.Release|Any CPU.ActiveCfg = Release|Any CPU
		{229493F4-B3B5-449D-8DFB-417CE660C73E}.Release|Any CPU.Build.0 = Release|Any CPU
		{4156FB44-A9DE-44B5-8B1F-E0CD04CC02DF}.Debug|Any CPU.ActiveCfg = Debug|Any CPU
		{4156FB44-A9DE-44B5-8B1F-E0CD04CC02DF}.Debug|Any CPU.Build.0 = Debug|Any CPU
		{4156FB44-A9DE-44B5-8B1F-E0CD04CC02DF}.Release|Any CPU.ActiveCfg = Release|Any CPU
		{4156FB44-A9DE-44B5-8B1F-E0CD04CC02DF}.Release|Any CPU.Build.0 = Release|Any CPU
		{C156F521-7BF3-4B01-809F-18073F4D5298}.Debug|Any CPU.ActiveCfg = Debug|Any CPU
		{C156F521-7BF3-4B01-809F-18073F4D5298}.Debug|Any CPU.Build.0 = Debug|Any CPU
		{C156F521-7BF3-4B01-809F-18073F4D5298}.Release|Any CPU.ActiveCfg = Release|Any CPU
		{C156F521-7BF3-4B01-809F-18073F4D5298}.Release|Any CPU.Build.0 = Release|Any CPU
	EndGlobalSection
	GlobalSection(SolutionProperties) = preSolution
		HideSolutionNode = FALSE
	EndGlobalSection
	GlobalSection(ExtensibilityGlobals) = postSolution
		SolutionGuid = {FCB02EAE-2660-4ED5-AA26-684E663E5F88}
	EndGlobalSection
EndGlobal
