
Microsoft Visual Studio Solution File, Format Version 12.00
# Visual Studio Version 17
VisualStudioVersion = 17.9.34616.47
MinimumVisualStudioVersion = 10.0.40219.1
Project("{FAE04EC0-301F-11D3-BF4B-00C04F79EFBC}") = "N050 Hello World", "N050 Hello World\N050 Hello World.csproj", "{1DCBDBED-D6F6-4F8A-B9F9-FFB6474BE17F}"
EndProject
Project("{FAE04EC0-301F-11D3-BF4B-00C04F79EFBC}") = "N060 Simpel debugging", "N060 Simpel debugging\N060 Simpel debugging.csproj", "{55532CE1-97B5-4E1F-84CD-AAAF5DC47DC6}"
EndProject
Project("{FAE04EC0-301F-11D3-BF4B-00C04F79EFBC}") = "N070 Hastighedskonvertering", "N070 Hastighedskonvertering\N070 Hastighedskonvertering.csproj", "{62FB2EE3-66EF-4655-904D-2EA4E9E1A6D2}"
EndProject
Global
	GlobalSection(SolutionConfigurationPlatforms) = preSolution
		Debug|Any CPU = Debug|Any CPU
		Release|Any CPU = Release|Any CPU
	EndGlobalSection
	GlobalSection(ProjectConfigurationPlatforms) = postSolution
		{1DCBDBED-D6F6-4F8A-B9F9-FFB6474BE17F}.Debug|Any CPU.ActiveCfg = Debug|Any CPU
		{1DCBDBED-D6F6-4F8A-B9F9-FFB6474BE17F}.Debug|Any CPU.Build.0 = Debug|Any CPU
		{1DCBDBED-D6F6-4F8A-B9F9-FFB6474BE17F}.Release|Any CPU.ActiveCfg = Release|Any CPU
		{1DCBDBED-D6F6-4F8A-B9F9-FFB6474BE17F}.Release|Any CPU.Build.0 = Release|Any CPU
		{55532CE1-97B5-4E1F-84CD-AAAF5DC47DC6}.Debug|Any CPU.ActiveCfg = Debug|Any CPU
		{55532CE1-97B5-4E1F-84CD-AAAF5DC47DC6}.Debug|Any CPU.Build.0 = Debug|Any CPU
		{55532CE1-97B5-4E1F-84CD-AAAF5DC47DC6}.Release|Any CPU.ActiveCfg = Release|Any CPU
		{55532CE1-97B5-4E1F-84CD-AAAF5DC47DC6}.Release|Any CPU.Build.0 = Release|Any CPU
		{62FB2EE3-66EF-4655-904D-2EA4E9E1A6D2}.Debug|Any CPU.ActiveCfg = Debug|Any CPU
		{62FB2EE3-66EF-4655-904D-2EA4E9E1A6D2}.Debug|Any CPU.Build.0 = Debug|Any CPU
		{62FB2EE3-66EF-4655-904D-2EA4E9E1A6D2}.Release|Any CPU.ActiveCfg = Release|Any CPU
		{62FB2EE3-66EF-4655-904D-2EA4E9E1A6D2}.Release|Any CPU.Build.0 = Release|Any CPU
	EndGlobalSection
	GlobalSection(SolutionProperties) = preSolution
		HideSolutionNode = FALSE
	EndGlobalSection
	GlobalSection(ExtensibilityGlobals) = postSolution
		SolutionGuid = {996AA3E5-5DD6-488F-B706-C45C3298377E}
	EndGlobalSection
EndGlobal
