
Microsoft Visual Studio Solution File, Format Version 12.00
# Visual Studio Version 17
VisualStudioVersion = 17.10.35201.131
MinimumVisualStudioVersion = 10.0.40219.1
Project("{9A19103F-16F7-4668-BE54-9A1E7A4F7556}") = "N200 Simpel klasser (Terning)", "N200 Simpel klasser (Terning)\N200 Simpel klasser (Terning).csproj", "{1B8F4EDD-D144-473B-960A-D11A14C80566}"
EndProject
Project("{9A19103F-16F7-4668-BE54-9A1E7A4F7556}") = "N205 Simpel klasse (Person)", "N205 Simpel klasse (Person)\N205 Simpel klasse (Person).csproj", "{40981373-FA76-4495-A4A2-991877E73E31}"
EndProject
Project("{9A19103F-16F7-4668-BE54-9A1E7A4F7556}") = "N201 Gæt et tal (simpel objektorienteret version)", "N201 Gæt et tal (simpel objektorienteret version)\N201 Gæt et tal (simpel objektorienteret version).csproj", "{3E0883DE-39B5-4E67-8DCD-881A993874DF}"
EndProject
Project("{9A19103F-16F7-4668-BE54-9A1E7A4F7556}") = "N203 Leg med klasser", "N203 Leg med klasser\N203 Leg med klasser.csproj", "{DA548F54-89E0-465F-90BD-8C6589BEE769}"
EndProject
Project("{9A19103F-16F7-4668-BE54-9A1E7A4F7556}") = "N207 Simpel klasse (Yatzy bæger)", "N207 Simpel klasse (Yatzy bæger)\N207 Simpel klasse (Yatzy bæger).csproj", "{A7DF099A-D00B-420D-A555-F38662A8C798}"
EndProject
Project("{9A19103F-16F7-4668-BE54-9A1E7A4F7556}") = "N208 Linked liste", "N208 Linked liste\N208 Linked liste.csproj", "{C991A67F-C2A8-4874-8E4B-502F886CA75A}"
EndProject
Project("{9A19103F-16F7-4668-BE54-9A1E7A4F7556}") = "N209 Statiske medlemmer", "N209 Statiske medlemmer\N209 Statiske medlemmer.csproj", "{763DCAED-E818-4130-8072-4A3CFFDB389B}"
EndProject
Project("{9A19103F-16F7-4668-BE54-9A1E7A4F7556}") = "N215 Hukommelsesteori 1", "N215 Hukommelsesteori 1\N215 Hukommelsesteori 1.csproj", "{34866E4C-FA6A-4DD6-95B5-2D5C408767CC}"
EndProject
Project("{9A19103F-16F7-4668-BE54-9A1E7A4F7556}") = "N220 Fuld egenskab (Vare)", "N220 Fuld egenskab (Vare)\N220 Fuld egenskab (Vare).csproj", "{41C3E49A-CA52-41D3-9F7E-A31789390FE8}"
EndProject
Project("{9A19103F-16F7-4668-BE54-9A1E7A4F7556}") = "N225 Fuld egenskab (Terning)", "N225 Fuld egenskab (Terning)\N225 Fuld egenskab (Terning).csproj", "{81C171C5-ADD2-4B8E-AE69-C39C3AB2EE55}"
EndProject
Project("{9A19103F-16F7-4668-BE54-9A1E7A4F7556}") = "N227 Fuld egenskab (fejl)", "N227 Fuld egenskab (fejl)\N227 Fuld egenskab (fejl).csproj", "{E774337B-5DDD-49D6-AD9E-92F4FD0D48D7}"
EndProject
Project("{9A19103F-16F7-4668-BE54-9A1E7A4F7556}") = "N230 Auto egenskab (Person)", "N230 Auto egenskab (Person)\N230 Auto egenskab (Person).csproj", "{824D53D3-C09E-4C5C-BD81-BE08F6A2F7BC}"
EndProject
Project("{9A19103F-16F7-4668-BE54-9A1E7A4F7556}") = "N235 Auto egenskab (Terning)", "N235 Auto egenskab (Terning)\N235 Auto egenskab (Terning).csproj", "{E5731FA2-B28D-48AC-8F5B-3453D14455E9}"
EndProject
Project("{9A19103F-16F7-4668-BE54-9A1E7A4F7556}") = "N237 Auto egenskab (get metode)", "N237 Auto egenskab (get metode)\N237 Auto egenskab (get metode).csproj", "{FB3676E2-0C6D-4B3C-81DA-0AE3BAB5D8A4}"
EndProject
Project("{9A19103F-16F7-4668-BE54-9A1E7A4F7556}") = "N238 Simple JSON Serialisering og Deserialisering", "N238 Simple JSON Serialisering og Deserialisering\N238 Simple JSON Serialisering og Deserialisering.csproj", "{63F86B1A-5C3D-4B8B-900A-B3CA804F2388}"
EndProject
Project("{FAE04EC0-301F-11D3-BF4B-00C04F79EFBC}") = "N240 Samlinger (stack)", "N240 Samlinger (stack)\N240 Samlinger (stack).csproj", "{43CCA87E-419B-42BB-9C11-C7792D0349B6}"
EndProject
Global
	GlobalSection(SolutionConfigurationPlatforms) = preSolution
		Debug|Any CPU = Debug|Any CPU
		Release|Any CPU = Release|Any CPU
	EndGlobalSection
	GlobalSection(ProjectConfigurationPlatforms) = postSolution
		{1B8F4EDD-D144-473B-960A-D11A14C80566}.Debug|Any CPU.ActiveCfg = Debug|Any CPU
		{1B8F4EDD-D144-473B-960A-D11A14C80566}.Debug|Any CPU.Build.0 = Debug|Any CPU
		{1B8F4EDD-D144-473B-960A-D11A14C80566}.Release|Any CPU.ActiveCfg = Release|Any CPU
		{1B8F4EDD-D144-473B-960A-D11A14C80566}.Release|Any CPU.Build.0 = Release|Any CPU
		{40981373-FA76-4495-A4A2-991877E73E31}.Debug|Any CPU.ActiveCfg = Debug|Any CPU
		{40981373-FA76-4495-A4A2-991877E73E31}.Debug|Any CPU.Build.0 = Debug|Any CPU
		{40981373-FA76-4495-A4A2-991877E73E31}.Release|Any CPU.ActiveCfg = Release|Any CPU
		{40981373-FA76-4495-A4A2-991877E73E31}.Release|Any CPU.Build.0 = Release|Any CPU
		{3E0883DE-39B5-4E67-8DCD-881A993874DF}.Debug|Any CPU.ActiveCfg = Debug|Any CPU
		{3E0883DE-39B5-4E67-8DCD-881A993874DF}.Debug|Any CPU.Build.0 = Debug|Any CPU
		{3E0883DE-39B5-4E67-8DCD-881A993874DF}.Release|Any CPU.ActiveCfg = Release|Any CPU
		{3E0883DE-39B5-4E67-8DCD-881A993874DF}.Release|Any CPU.Build.0 = Release|Any CPU
		{DA548F54-89E0-465F-90BD-8C6589BEE769}.Debug|Any CPU.ActiveCfg = Debug|Any CPU
		{DA548F54-89E0-465F-90BD-8C6589BEE769}.Debug|Any CPU.Build.0 = Debug|Any CPU
		{DA548F54-89E0-465F-90BD-8C6589BEE769}.Release|Any CPU.ActiveCfg = Release|Any CPU
		{DA548F54-89E0-465F-90BD-8C6589BEE769}.Release|Any CPU.Build.0 = Release|Any CPU
		{A7DF099A-D00B-420D-A555-F38662A8C798}.Debug|Any CPU.ActiveCfg = Debug|Any CPU
		{A7DF099A-D00B-420D-A555-F38662A8C798}.Debug|Any CPU.Build.0 = Debug|Any CPU
		{A7DF099A-D00B-420D-A555-F38662A8C798}.Release|Any CPU.ActiveCfg = Release|Any CPU
		{A7DF099A-D00B-420D-A555-F38662A8C798}.Release|Any CPU.Build.0 = Release|Any CPU
		{C991A67F-C2A8-4874-8E4B-502F886CA75A}.Debug|Any CPU.ActiveCfg = Debug|Any CPU
		{C991A67F-C2A8-4874-8E4B-502F886CA75A}.Debug|Any CPU.Build.0 = Debug|Any CPU
		{C991A67F-C2A8-4874-8E4B-502F886CA75A}.Release|Any CPU.ActiveCfg = Release|Any CPU
		{C991A67F-C2A8-4874-8E4B-502F886CA75A}.Release|Any CPU.Build.0 = Release|Any CPU
		{763DCAED-E818-4130-8072-4A3CFFDB389B}.Debug|Any CPU.ActiveCfg = Debug|Any CPU
		{763DCAED-E818-4130-8072-4A3CFFDB389B}.Debug|Any CPU.Build.0 = Debug|Any CPU
		{763DCAED-E818-4130-8072-4A3CFFDB389B}.Release|Any CPU.ActiveCfg = Release|Any CPU
		{763DCAED-E818-4130-8072-4A3CFFDB389B}.Release|Any CPU.Build.0 = Release|Any CPU
		{34866E4C-FA6A-4DD6-95B5-2D5C408767CC}.Debug|Any CPU.ActiveCfg = Debug|Any CPU
		{34866E4C-FA6A-4DD6-95B5-2D5C408767CC}.Debug|Any CPU.Build.0 = Debug|Any CPU
		{34866E4C-FA6A-4DD6-95B5-2D5C408767CC}.Release|Any CPU.ActiveCfg = Release|Any CPU
		{34866E4C-FA6A-4DD6-95B5-2D5C408767CC}.Release|Any CPU.Build.0 = Release|Any CPU
		{41C3E49A-CA52-41D3-9F7E-A31789390FE8}.Debug|Any CPU.ActiveCfg = Debug|Any CPU
		{41C3E49A-CA52-41D3-9F7E-A31789390FE8}.Debug|Any CPU.Build.0 = Debug|Any CPU
		{41C3E49A-CA52-41D3-9F7E-A31789390FE8}.Release|Any CPU.ActiveCfg = Release|Any CPU
		{41C3E49A-CA52-41D3-9F7E-A31789390FE8}.Release|Any CPU.Build.0 = Release|Any CPU
		{81C171C5-ADD2-4B8E-AE69-C39C3AB2EE55}.Debug|Any CPU.ActiveCfg = Debug|Any CPU
		{81C171C5-ADD2-4B8E-AE69-C39C3AB2EE55}.Debug|Any CPU.Build.0 = Debug|Any CPU
		{81C171C5-ADD2-4B8E-AE69-C39C3AB2EE55}.Release|Any CPU.ActiveCfg = Release|Any CPU
		{81C171C5-ADD2-4B8E-AE69-C39C3AB2EE55}.Release|Any CPU.Build.0 = Release|Any CPU
		{E774337B-5DDD-49D6-AD9E-92F4FD0D48D7}.Debug|Any CPU.ActiveCfg = Debug|Any CPU
		{E774337B-5DDD-49D6-AD9E-92F4FD0D48D7}.Debug|Any CPU.Build.0 = Debug|Any CPU
		{E774337B-5DDD-49D6-AD9E-92F4FD0D48D7}.Release|Any CPU.ActiveCfg = Release|Any CPU
		{E774337B-5DDD-49D6-AD9E-92F4FD0D48D7}.Release|Any CPU.Build.0 = Release|Any CPU
		{824D53D3-C09E-4C5C-BD81-BE08F6A2F7BC}.Debug|Any CPU.ActiveCfg = Debug|Any CPU
		{824D53D3-C09E-4C5C-BD81-BE08F6A2F7BC}.Debug|Any CPU.Build.0 = Debug|Any CPU
		{824D53D3-C09E-4C5C-BD81-BE08F6A2F7BC}.Release|Any CPU.ActiveCfg = Release|Any CPU
		{824D53D3-C09E-4C5C-BD81-BE08F6A2F7BC}.Release|Any CPU.Build.0 = Release|Any CPU
		{E5731FA2-B28D-48AC-8F5B-3453D14455E9}.Debug|Any CPU.ActiveCfg = Debug|Any CPU
		{E5731FA2-B28D-48AC-8F5B-3453D14455E9}.Debug|Any CPU.Build.0 = Debug|Any CPU
		{E5731FA2-B28D-48AC-8F5B-3453D14455E9}.Release|Any CPU.ActiveCfg = Release|Any CPU
		{E5731FA2-B28D-48AC-8F5B-3453D14455E9}.Release|Any CPU.Build.0 = Release|Any CPU
		{FB3676E2-0C6D-4B3C-81DA-0AE3BAB5D8A4}.Debug|Any CPU.ActiveCfg = Debug|Any CPU
		{FB3676E2-0C6D-4B3C-81DA-0AE3BAB5D8A4}.Debug|Any CPU.Build.0 = Debug|Any CPU
		{FB3676E2-0C6D-4B3C-81DA-0AE3BAB5D8A4}.Release|Any CPU.ActiveCfg = Release|Any CPU
		{FB3676E2-0C6D-4B3C-81DA-0AE3BAB5D8A4}.Release|Any CPU.Build.0 = Release|Any CPU
		{63F86B1A-5C3D-4B8B-900A-B3CA804F2388}.Debug|Any CPU.ActiveCfg = Debug|Any CPU
		{63F86B1A-5C3D-4B8B-900A-B3CA804F2388}.Debug|Any CPU.Build.0 = Debug|Any CPU
		{63F86B1A-5C3D-4B8B-900A-B3CA804F2388}.Release|Any CPU.ActiveCfg = Release|Any CPU
		{63F86B1A-5C3D-4B8B-900A-B3CA804F2388}.Release|Any CPU.Build.0 = Release|Any CPU
		{43CCA87E-419B-42BB-9C11-C7792D0349B6}.Debug|Any CPU.ActiveCfg = Debug|Any CPU
		{43CCA87E-419B-42BB-9C11-C7792D0349B6}.Debug|Any CPU.Build.0 = Debug|Any CPU
		{43CCA87E-419B-42BB-9C11-C7792D0349B6}.Release|Any CPU.ActiveCfg = Release|Any CPU
		{43CCA87E-419B-42BB-9C11-C7792D0349B6}.Release|Any CPU.Build.0 = Release|Any CPU
	EndGlobalSection
	GlobalSection(SolutionProperties) = preSolution
		HideSolutionNode = FALSE
	EndGlobalSection
	GlobalSection(ExtensibilityGlobals) = postSolution
		SolutionGuid = {06AA184A-56DB-47B3-9FC8-2C6396A75A8C}
	EndGlobalSection
EndGlobal
